
Microsoft Visual Studio Solution File, Format Version 12.00
# Visual Studio 2012
Project("{FAE04EC0-301F-11D3-BF4B-00C04F79EFBC}") = "TrainingAccounting.Main", "TrainingAccounting.Main\TrainingAccounting.Main.csproj", "{BC6C9C73-B833-446F-96D4-0AE8349B64FD}"
EndProject
Project("{2150E333-8FDC-42A3-9474-1A3956D46DE8}") = "MVP", "MVP", "{DB46495A-E0EE-4996-BE1F-6090FEDEAD02}"
EndProject
Project("{FAE04EC0-301F-11D3-BF4B-00C04F79EFBC}") = "TrainingAccounting.Model", "TrainingAccounting.Model\TrainingAccounting.Model.csproj", "{BB71418D-C06A-4E38-9295-551DB7D30DAB}"
EndProject
Project("{FAE04EC0-301F-11D3-BF4B-00C04F79EFBC}") = "TrainingAccounting.View", "TrainingAccounting.View\TrainingAccounting.View.csproj", "{F3826D7C-E7DD-4FC1-A07B-5E224D6F3588}"
EndProject
Project("{FAE04EC0-301F-11D3-BF4B-00C04F79EFBC}") = "TrainingAccounting.Presenter", "TrainingAccounting.Presenter\TrainingAccounting.Presenter.csproj", "{D86DA755-6BC1-44CE-AE40-A6714DBC91C2}"
EndProject
Project("{FAE04EC0-301F-11D3-BF4B-00C04F79EFBC}") = "TrainingAccounting.Report", "TrainingAccounting.Report\TrainingAccounting.Report.csproj", "{934B09A2-B944-4E22-A72E-8FE23B611415}"
EndProject
Project("{FAE04EC0-301F-11D3-BF4B-00C04F79EFBC}") = "TrainingAccounting.Form", "TrainingAccounting.Form\TrainingAccounting.Form.csproj", "{7BE3FCA1-862B-435F-A5D2-BAB0BACD80C4}"
EndProject
Project("{FAE04EC0-301F-11D3-BF4B-00C04F79EFBC}") = "Info", "Info\Info.csproj", "{0A02CA74-6800-4F5E-96C2-C7B39A6214D7}"
EndProject
Project("{2150E333-8FDC-42A3-9474-1A3956D46DE8}") = "TrainingAccounting", "TrainingAccounting", "{91C02CD5-3BEF-41D1-85F7-E4DD0DEA0D2E}"
EndProject
Project("{FAE04EC0-301F-11D3-BF4B-00C04F79EFBC}") = "Lambda.MainProject", "Lambda.MainProject\Lambda.MainProject.csproj", "{EE7F26B8-31F9-42F0-9DA7-9CCF441D16D0}"
EndProject
Project("{2150E333-8FDC-42A3-9474-1A3956D46DE8}") = "PhanQuyen", "PhanQuyen", "{6ABC553B-71FF-4618-BC72-76AC044960EC}"
EndProject
Project("{FAE04EC0-301F-11D3-BF4B-00C04F79EFBC}") = "Phanquyen.Model", "Phanquyen.Model\Phanquyen.Model.csproj", "{413E8B55-5D73-4F7C-8734-A99CC0548CC7}"
EndProject
Project("{FAE04EC0-301F-11D3-BF4B-00C04F79EFBC}") = "Phanquyen.View", "Phanquyen.View\Phanquyen.View.csproj", "{C890CA61-ADE2-49CD-98B0-5412FFA5FAFE}"
EndProject
Project("{FAE04EC0-301F-11D3-BF4B-00C04F79EFBC}") = "Phanquyen.Presenter", "Phanquyen.Presenter\Phanquyen.Presenter.csproj", "{8C6303A9-8282-4F67-9C03-17B937BF149E}"
EndProject
Project("{FAE04EC0-301F-11D3-BF4B-00C04F79EFBC}") = "Phanquyen.Forms", "Phanquyen.Forms\Phanquyen.Forms.csproj", "{EB26C8EE-479F-4F8D-BA5F-88D19034AF91}"
EndProject
Project("{FAE04EC0-301F-11D3-BF4B-00C04F79EFBC}") = "Phanquyen.Main", "Phanquyen.Main\Phanquyen.Main.csproj", "{F4C1CF63-3FAC-4749-BCC5-FDF5B22EC4F8}"
EndProject
Project("{2150E333-8FDC-42A3-9474-1A3956D46DE8}") = "MVP", "MVP", "{23109BE2-A169-4D1B-9020-D037294CDA96}"
EndProject
Project("{2150E333-8FDC-42A3-9474-1A3956D46DE8}") = "Framework", "Framework", "{0FF773FD-0C2E-4960-8112-0A9B77D008DA}"
EndProject
Project("{FAE04EC0-301F-11D3-BF4B-00C04F79EFBC}") = "3. Lambda.AutoService", "Lambda.AutoService\3. Lambda.AutoService.csproj", "{2833B70D-95EA-4E46-988E-E4D7BF9DDFB8}"
EndProject
Project("{FAE04EC0-301F-11D3-BF4B-00C04F79EFBC}") = "4. Lambda.BusinessObject", "Lambda.BusinessObject\4. Lambda.BusinessObject.csproj", "{8BE13E65-DF39-43B8-A857-F23E84DA1C4E}"
EndProject
Project("{FAE04EC0-301F-11D3-BF4B-00C04F79EFBC}") = "1. Lambda.ClientModel", "Lambda.ClientModel\1. Lambda.ClientModel.csproj", "{C48D9079-14E5-4C74-94D5-023F497153FB}"
EndProject
Project("{FAE04EC0-301F-11D3-BF4B-00C04F79EFBC}") = "2. Lambda.ConsoleHost", "Lambda.ConsoleHost\2. Lambda.ConsoleHost.csproj", "{3ADAA5F6-67A9-4B0E-ABB5-1AD1C5DDA8B9}"
EndProject
Project("{FAE04EC0-301F-11D3-BF4B-00C04F79EFBC}") = "3. Lambda.CoreService", "Lambda.CoreService\3. Lambda.CoreService.csproj", "{AE54E18D-BABC-47DE-AFA5-2FB7B7764803}"
EndProject
Project("{FAE04EC0-301F-11D3-BF4B-00C04F79EFBC}") = "5. Lambda.DataObject", "Lambda.DataObject\5. Lambda.DataObject.csproj", "{4D663B9D-8E4B-42EA-B1D2-7841F8C94E28}"
EndProject
Project("{FAE04EC0-301F-11D3-BF4B-00C04F79EFBC}") = "5. Lambda.DynamicLoad", "Lambda.DynamicLoad\5. Lambda.DynamicLoad.csproj", "{CD4CBBC4-140B-43CE-8EC5-C61AF0BF87EB}"
EndProject
Project("{FAE04EC0-301F-11D3-BF4B-00C04F79EFBC}") = "2. Lambda.Host", "Lambda.Host\2. Lambda.Host.csproj", "{BAA17766-2995-4D6B-B78B-B8AB69B92927}"
EndProject
Project("{FAE04EC0-301F-11D3-BF4B-00C04F79EFBC}") = "2. Lambda.ServiceHost", "Lambda.ServiceHost\2. Lambda.ServiceHost.csproj", "{9EF35435-0D4E-4427-89E5-81EA97EFFD48}"
EndProject
Project("{FAE04EC0-301F-11D3-BF4B-00C04F79EFBC}") = "Lambda.Framework", "Lambda.Framework\Lambda.Framework.csproj", "{5CD9CB03-9D35-4ED8-A21D-0FF8CAD27B67}"
EndProject
Global
	GlobalSection(SolutionConfigurationPlatforms) = preSolution
		Debug|Any CPU = Debug|Any CPU
		Release|Any CPU = Release|Any CPU
	EndGlobalSection
	GlobalSection(ProjectConfigurationPlatforms) = postSolution
		{BC6C9C73-B833-446F-96D4-0AE8349B64FD}.Debug|Any CPU.ActiveCfg = Debug|Any CPU
		{BC6C9C73-B833-446F-96D4-0AE8349B64FD}.Debug|Any CPU.Build.0 = Debug|Any CPU
		{BC6C9C73-B833-446F-96D4-0AE8349B64FD}.Release|Any CPU.ActiveCfg = Release|Any CPU
		{BC6C9C73-B833-446F-96D4-0AE8349B64FD}.Release|Any CPU.Build.0 = Release|Any CPU
		{BB71418D-C06A-4E38-9295-551DB7D30DAB}.Debug|Any CPU.ActiveCfg = Debug|Any CPU
		{BB71418D-C06A-4E38-9295-551DB7D30DAB}.Debug|Any CPU.Build.0 = Debug|Any CPU
		{BB71418D-C06A-4E38-9295-551DB7D30DAB}.Release|Any CPU.ActiveCfg = Release|Any CPU
		{BB71418D-C06A-4E38-9295-551DB7D30DAB}.Release|Any CPU.Build.0 = Release|Any CPU
		{F3826D7C-E7DD-4FC1-A07B-5E224D6F3588}.Debug|Any CPU.ActiveCfg = Debug|Any CPU
		{F3826D7C-E7DD-4FC1-A07B-5E224D6F3588}.Debug|Any CPU.Build.0 = Debug|Any CPU
		{F3826D7C-E7DD-4FC1-A07B-5E224D6F3588}.Release|Any CPU.ActiveCfg = Release|Any CPU
		{F3826D7C-E7DD-4FC1-A07B-5E224D6F3588}.Release|Any CPU.Build.0 = Release|Any CPU
		{D86DA755-6BC1-44CE-AE40-A6714DBC91C2}.Debug|Any CPU.ActiveCfg = Debug|Any CPU
		{D86DA755-6BC1-44CE-AE40-A6714DBC91C2}.Debug|Any CPU.Build.0 = Debug|Any CPU
		{D86DA755-6BC1-44CE-AE40-A6714DBC91C2}.Release|Any CPU.ActiveCfg = Release|Any CPU
		{D86DA755-6BC1-44CE-AE40-A6714DBC91C2}.Release|Any CPU.Build.0 = Release|Any CPU
		{934B09A2-B944-4E22-A72E-8FE23B611415}.Debug|Any CPU.ActiveCfg = Debug|Any CPU
		{934B09A2-B944-4E22-A72E-8FE23B611415}.Debug|Any CPU.Build.0 = Debug|Any CPU
		{934B09A2-B944-4E22-A72E-8FE23B611415}.Release|Any CPU.ActiveCfg = Release|Any CPU
		{934B09A2-B944-4E22-A72E-8FE23B611415}.Release|Any CPU.Build.0 = Release|Any CPU
		{7BE3FCA1-862B-435F-A5D2-BAB0BACD80C4}.Debug|Any CPU.ActiveCfg = Debug|Any CPU
		{7BE3FCA1-862B-435F-A5D2-BAB0BACD80C4}.Debug|Any CPU.Build.0 = Debug|Any CPU
		{7BE3FCA1-862B-435F-A5D2-BAB0BACD80C4}.Release|Any CPU.ActiveCfg = Release|Any CPU
		{7BE3FCA1-862B-435F-A5D2-BAB0BACD80C4}.Release|Any CPU.Build.0 = Release|Any CPU
		{0A02CA74-6800-4F5E-96C2-C7B39A6214D7}.Debug|Any CPU.ActiveCfg = Debug|Any CPU
		{0A02CA74-6800-4F5E-96C2-C7B39A6214D7}.Debug|Any CPU.Build.0 = Debug|Any CPU
		{0A02CA74-6800-4F5E-96C2-C7B39A6214D7}.Release|Any CPU.ActiveCfg = Release|Any CPU
		{0A02CA74-6800-4F5E-96C2-C7B39A6214D7}.Release|Any CPU.Build.0 = Release|Any CPU
		{EE7F26B8-31F9-42F0-9DA7-9CCF441D16D0}.Debug|Any CPU.ActiveCfg = Debug|Any CPU
		{EE7F26B8-31F9-42F0-9DA7-9CCF441D16D0}.Debug|Any CPU.Build.0 = Debug|Any CPU
		{EE7F26B8-31F9-42F0-9DA7-9CCF441D16D0}.Release|Any CPU.ActiveCfg = Release|Any CPU
		{EE7F26B8-31F9-42F0-9DA7-9CCF441D16D0}.Release|Any CPU.Build.0 = Release|Any CPU
		{413E8B55-5D73-4F7C-8734-A99CC0548CC7}.Debug|Any CPU.ActiveCfg = Debug|Any CPU
		{413E8B55-5D73-4F7C-8734-A99CC0548CC7}.Debug|Any CPU.Build.0 = Debug|Any CPU
		{413E8B55-5D73-4F7C-8734-A99CC0548CC7}.Release|Any CPU.ActiveCfg = Release|Any CPU
		{413E8B55-5D73-4F7C-8734-A99CC0548CC7}.Release|Any CPU.Build.0 = Release|Any CPU
		{C890CA61-ADE2-49CD-98B0-5412FFA5FAFE}.Debug|Any CPU.ActiveCfg = Debug|Any CPU
		{C890CA61-ADE2-49CD-98B0-5412FFA5FAFE}.Debug|Any CPU.Build.0 = Debug|Any CPU
		{C890CA61-ADE2-49CD-98B0-5412FFA5FAFE}.Release|Any CPU.ActiveCfg = Release|Any CPU
		{C890CA61-ADE2-49CD-98B0-5412FFA5FAFE}.Release|Any CPU.Build.0 = Release|Any CPU
		{8C6303A9-8282-4F67-9C03-17B937BF149E}.Debug|Any CPU.ActiveCfg = Debug|Any CPU
		{8C6303A9-8282-4F67-9C03-17B937BF149E}.Debug|Any CPU.Build.0 = Debug|Any CPU
		{8C6303A9-8282-4F67-9C03-17B937BF149E}.Release|Any CPU.ActiveCfg = Release|Any CPU
		{8C6303A9-8282-4F67-9C03-17B937BF149E}.Release|Any CPU.Build.0 = Release|Any CPU
		{EB26C8EE-479F-4F8D-BA5F-88D19034AF91}.Debug|Any CPU.ActiveCfg = Debug|Any CPU
		{EB26C8EE-479F-4F8D-BA5F-88D19034AF91}.Debug|Any CPU.Build.0 = Debug|Any CPU
		{EB26C8EE-479F-4F8D-BA5F-88D19034AF91}.Release|Any CPU.ActiveCfg = Release|Any CPU
		{EB26C8EE-479F-4F8D-BA5F-88D19034AF91}.Release|Any CPU.Build.0 = Release|Any CPU
		{F4C1CF63-3FAC-4749-BCC5-FDF5B22EC4F8}.Debug|Any CPU.ActiveCfg = Debug|Any CPU
		{F4C1CF63-3FAC-4749-BCC5-FDF5B22EC4F8}.Debug|Any CPU.Build.0 = Debug|Any CPU
		{F4C1CF63-3FAC-4749-BCC5-FDF5B22EC4F8}.Release|Any CPU.ActiveCfg = Release|Any CPU
		{F4C1CF63-3FAC-4749-BCC5-FDF5B22EC4F8}.Release|Any CPU.Build.0 = Release|Any CPU
		{2833B70D-95EA-4E46-988E-E4D7BF9DDFB8}.Debug|Any CPU.ActiveCfg = Debug|Any CPU
		{2833B70D-95EA-4E46-988E-E4D7BF9DDFB8}.Debug|Any CPU.Build.0 = Debug|Any CPU
		{2833B70D-95EA-4E46-988E-E4D7BF9DDFB8}.Release|Any CPU.ActiveCfg = Release|Any CPU
		{2833B70D-95EA-4E46-988E-E4D7BF9DDFB8}.Release|Any CPU.Build.0 = Release|Any CPU
		{8BE13E65-DF39-43B8-A857-F23E84DA1C4E}.Debug|Any CPU.ActiveCfg = Debug|Any CPU
		{8BE13E65-DF39-43B8-A857-F23E84DA1C4E}.Debug|Any CPU.Build.0 = Debug|Any CPU
		{8BE13E65-DF39-43B8-A857-F23E84DA1C4E}.Release|Any CPU.ActiveCfg = Release|Any CPU
		{8BE13E65-DF39-43B8-A857-F23E84DA1C4E}.Release|Any CPU.Build.0 = Release|Any CPU
		{C48D9079-14E5-4C74-94D5-023F497153FB}.Debug|Any CPU.ActiveCfg = Debug|Any CPU
		{C48D9079-14E5-4C74-94D5-023F497153FB}.Debug|Any CPU.Build.0 = Debug|Any CPU
		{C48D9079-14E5-4C74-94D5-023F497153FB}.Release|Any CPU.ActiveCfg = Release|Any CPU
		{C48D9079-14E5-4C74-94D5-023F497153FB}.Release|Any CPU.Build.0 = Release|Any CPU
		{3ADAA5F6-67A9-4B0E-ABB5-1AD1C5DDA8B9}.Debug|Any CPU.ActiveCfg = Debug|Any CPU
		{3ADAA5F6-67A9-4B0E-ABB5-1AD1C5DDA8B9}.Debug|Any CPU.Build.0 = Debug|Any CPU
		{3ADAA5F6-67A9-4B0E-ABB5-1AD1C5DDA8B9}.Release|Any CPU.ActiveCfg = Release|Any CPU
		{3ADAA5F6-67A9-4B0E-ABB5-1AD1C5DDA8B9}.Release|Any CPU.Build.0 = Release|Any CPU
		{AE54E18D-BABC-47DE-AFA5-2FB7B7764803}.Debug|Any CPU.ActiveCfg = Debug|Any CPU
		{AE54E18D-BABC-47DE-AFA5-2FB7B7764803}.Debug|Any CPU.Build.0 = Debug|Any CPU
		{AE54E18D-BABC-47DE-AFA5-2FB7B7764803}.Release|Any CPU.ActiveCfg = Release|Any CPU
		{AE54E18D-BABC-47DE-AFA5-2FB7B7764803}.Release|Any CPU.Build.0 = Release|Any CPU
		{4D663B9D-8E4B-42EA-B1D2-7841F8C94E28}.Debug|Any CPU.ActiveCfg = Debug|Any CPU
		{4D663B9D-8E4B-42EA-B1D2-7841F8C94E28}.Debug|Any CPU.Build.0 = Debug|Any CPU
		{4D663B9D-8E4B-42EA-B1D2-7841F8C94E28}.Release|Any CPU.ActiveCfg = Release|Any CPU
		{4D663B9D-8E4B-42EA-B1D2-7841F8C94E28}.Release|Any CPU.Build.0 = Release|Any CPU
		{CD4CBBC4-140B-43CE-8EC5-C61AF0BF87EB}.Debug|Any CPU.ActiveCfg = Debug|Any CPU
		{CD4CBBC4-140B-43CE-8EC5-C61AF0BF87EB}.Debug|Any CPU.Build.0 = Debug|Any CPU
		{CD4CBBC4-140B-43CE-8EC5-C61AF0BF87EB}.Release|Any CPU.ActiveCfg = Release|Any CPU
		{CD4CBBC4-140B-43CE-8EC5-C61AF0BF87EB}.Release|Any CPU.Build.0 = Release|Any CPU
		{BAA17766-2995-4D6B-B78B-B8AB69B92927}.Debug|Any CPU.ActiveCfg = Debug|Any CPU
		{BAA17766-2995-4D6B-B78B-B8AB69B92927}.Debug|Any CPU.Build.0 = Debug|Any CPU
		{BAA17766-2995-4D6B-B78B-B8AB69B92927}.Release|Any CPU.ActiveCfg = Release|Any CPU
		{BAA17766-2995-4D6B-B78B-B8AB69B92927}.Release|Any CPU.Build.0 = Release|Any CPU
		{9EF35435-0D4E-4427-89E5-81EA97EFFD48}.Debug|Any CPU.ActiveCfg = Debug|Any CPU
		{9EF35435-0D4E-4427-89E5-81EA97EFFD48}.Debug|Any CPU.Build.0 = Debug|Any CPU
		{9EF35435-0D4E-4427-89E5-81EA97EFFD48}.Release|Any CPU.ActiveCfg = Release|Any CPU
		{9EF35435-0D4E-4427-89E5-81EA97EFFD48}.Release|Any CPU.Build.0 = Release|Any CPU
		{5CD9CB03-9D35-4ED8-A21D-0FF8CAD27B67}.Debug|Any CPU.ActiveCfg = Debug|Any CPU
		{5CD9CB03-9D35-4ED8-A21D-0FF8CAD27B67}.Debug|Any CPU.Build.0 = Debug|Any CPU
		{5CD9CB03-9D35-4ED8-A21D-0FF8CAD27B67}.Release|Any CPU.ActiveCfg = Release|Any CPU
		{5CD9CB03-9D35-4ED8-A21D-0FF8CAD27B67}.Release|Any CPU.Build.0 = Release|Any CPU
	EndGlobalSection
	GlobalSection(SolutionProperties) = preSolution
		HideSolutionNode = FALSE
	EndGlobalSection
	GlobalSection(NestedProjects) = preSolution
		{DB46495A-E0EE-4996-BE1F-6090FEDEAD02} = {91C02CD5-3BEF-41D1-85F7-E4DD0DEA0D2E}
		{934B09A2-B944-4E22-A72E-8FE23B611415} = {91C02CD5-3BEF-41D1-85F7-E4DD0DEA0D2E}
		{7BE3FCA1-862B-435F-A5D2-BAB0BACD80C4} = {91C02CD5-3BEF-41D1-85F7-E4DD0DEA0D2E}
		{BC6C9C73-B833-446F-96D4-0AE8349B64FD} = {91C02CD5-3BEF-41D1-85F7-E4DD0DEA0D2E}
		{BB71418D-C06A-4E38-9295-551DB7D30DAB} = {DB46495A-E0EE-4996-BE1F-6090FEDEAD02}
		{F3826D7C-E7DD-4FC1-A07B-5E224D6F3588} = {DB46495A-E0EE-4996-BE1F-6090FEDEAD02}
		{D86DA755-6BC1-44CE-AE40-A6714DBC91C2} = {DB46495A-E0EE-4996-BE1F-6090FEDEAD02}
		{23109BE2-A169-4D1B-9020-D037294CDA96} = {6ABC553B-71FF-4618-BC72-76AC044960EC}
		{EB26C8EE-479F-4F8D-BA5F-88D19034AF91} = {6ABC553B-71FF-4618-BC72-76AC044960EC}
		{F4C1CF63-3FAC-4749-BCC5-FDF5B22EC4F8} = {6ABC553B-71FF-4618-BC72-76AC044960EC}
		{C890CA61-ADE2-49CD-98B0-5412FFA5FAFE} = {23109BE2-A169-4D1B-9020-D037294CDA96}
		{8C6303A9-8282-4F67-9C03-17B937BF149E} = {23109BE2-A169-4D1B-9020-D037294CDA96}
		{413E8B55-5D73-4F7C-8734-A99CC0548CC7} = {23109BE2-A169-4D1B-9020-D037294CDA96}
		{2833B70D-95EA-4E46-988E-E4D7BF9DDFB8} = {0FF773FD-0C2E-4960-8112-0A9B77D008DA}
		{8BE13E65-DF39-43B8-A857-F23E84DA1C4E} = {0FF773FD-0C2E-4960-8112-0A9B77D008DA}
		{C48D9079-14E5-4C74-94D5-023F497153FB} = {0FF773FD-0C2E-4960-8112-0A9B77D008DA}
		{3ADAA5F6-67A9-4B0E-ABB5-1AD1C5DDA8B9} = {0FF773FD-0C2E-4960-8112-0A9B77D008DA}
		{AE54E18D-BABC-47DE-AFA5-2FB7B7764803} = {0FF773FD-0C2E-4960-8112-0A9B77D008DA}
		{4D663B9D-8E4B-42EA-B1D2-7841F8C94E28} = {0FF773FD-0C2E-4960-8112-0A9B77D008DA}
		{CD4CBBC4-140B-43CE-8EC5-C61AF0BF87EB} = {0FF773FD-0C2E-4960-8112-0A9B77D008DA}
		{BAA17766-2995-4D6B-B78B-B8AB69B92927} = {0FF773FD-0C2E-4960-8112-0A9B77D008DA}
		{9EF35435-0D4E-4427-89E5-81EA97EFFD48} = {0FF773FD-0C2E-4960-8112-0A9B77D008DA}
		{5CD9CB03-9D35-4ED8-A21D-0FF8CAD27B67} = {0FF773FD-0C2E-4960-8112-0A9B77D008DA}
	EndGlobalSection
EndGlobal
